# This file is automatically @generated by Wally.
# It is not intended for manual editing.
registry = "test"

[[package]]
name = "nightcycle/checkbox"
version = "0.1.6"
dependencies = [["coldfusion", "nightcycle/cold-fusion@1.0.14"], ["isotope", "nightcycle/isotope@1.1.13"], ["maid", "quenty/maid@2.0.1-canary.140ed9d6.1"], ["signal", "quenty/signal@2.0.0-canary.140ed9d6.2"]]

[[package]]
name = "nightcycle/cold-fusion"
version = "1.0.14"
dependencies = [["maid", "quenty/maid@2.0.1-canary.140ed9d6.1"], ["signal", "quenty/signal@2.0.0-canary.140ed9d6.2"], ["testez", "roblox/testez@0.4.1"]]

[[package]]
name = "nightcycle/format"
version = "0.1.0"
dependencies = [["coldfusion", "nightcycle/cold-fusion@1.0.14"], ["maid", "quenty/maid@2.0.1-canary.140ed9d6.1"], ["signal", "quenty/signal@2.0.0-canary.140ed9d6.2"], ["string", "nightcycle/string@0.1.0"]]

[[package]]
name = "nightcycle/iconlabel"
version = "0.1.6"
dependencies = [["coldfusion", "nightcycle/cold-fusion@1.0.14"], ["format", "nightcycle/format@0.1.0"], ["isotope", "nightcycle/isotope@1.1.13"], ["maid", "quenty/maid@2.0.1-canary.140ed9d6.1"], ["signal", "quenty/signal@2.0.0-canary.140ed9d6.2"]]

[[package]]
name = "nightcycle/isotope"
version = "1.1.13"
dependencies = [["coldfusion", "nightcycle/cold-fusion@1.0.14"], ["maid", "quenty/maid@2.0.1-canary.140ed9d6.1"], ["signal", "quenty/signal@2.0.0-canary.140ed9d6.2"], ["testez", "roblox/testez@0.4.1"]]

[[package]]
name = "nightcycle/radio-button"
version = "0.1.6"
dependencies = [["coldfusion", "nightcycle/cold-fusion@1.0.14"], ["isotope", "nightcycle/isotope@1.1.13"], ["maid", "quenty/maid@2.0.1-canary.140ed9d6.1"], ["signal", "quenty/signal@2.0.0-canary.140ed9d6.2"]]

[[package]]
name = "nightcycle/string"
version = "0.1.0"
dependencies = []

[[package]]
name = "nightcycle/switch"
version = "0.1.6"
dependencies = [["coldfusion", "nightcycle/cold-fusion@1.0.14"], ["isotope", "nightcycle/isotope@1.1.13"], ["maid", "quenty/maid@2.0.1-canary.140ed9d6.1"], ["signal", "quenty/signal@2.0.0-canary.140ed9d6.2"]]

[[package]]
name = "nightcycle/synthetic"
version = "3.0.4"
dependencies = [["checkbox", "nightcycle/checkbox@0.1.6"], ["iconlabel", "nightcycle/iconlabel@0.1.6"], ["radiobutton", "nightcycle/radio-button@0.1.6"], ["switch", "nightcycle/switch@0.1.6"], ["textlabel", "nightcycle/textlabel@0.1.5"]]

[[package]]
name = "nightcycle/textlabel"
version = "0.1.5"
dependencies = [["coldfusion", "nightcycle/cold-fusion@1.0.14"], ["format", "nightcycle/format@0.1.0"], ["iconlabel", "nightcycle/iconlabel@0.1.6"], ["isotope", "nightcycle/isotope@1.1.13"], ["maid", "quenty/maid@2.0.1-canary.140ed9d6.1"], ["signal", "quenty/signal@2.0.0-canary.140ed9d6.2"]]

[[package]]
name = "quenty/maid"
version = "2.0.1-canary.140ed9d6.1"
dependencies = []

[[package]]
name = "quenty/signal"
version = "2.0.0-canary.140ed9d6.2"
dependencies = []

[[package]]
name = "roblox/testez"
version = "0.4.1"
dependencies = []
